// !$*UTF8*$!
{
	archiveVersion = 1;
	classes = {
	};
	objectVersion = 51;
	objects = {

/* Begin PBXBuildFile section */
		380A28CA26A6DCE60096FC19 /* ConnectorsView.swift in Sources */ = {isa = PBXBuildFile; fileRef = 380A28C926A6DCE60096FC19 /* ConnectorsView.swift */; };
		380A28CE26A704E20096FC19 /* LogInView.swift in Sources */ = {isa = PBXBuildFile; fileRef = 380A28CD26A704E20096FC19 /* LogInView.swift */; };
		380A28D126A704FC0096FC19 /* SignUpView.swift in Sources */ = {isa = PBXBuildFile; fileRef = 380A28D026A704FC0096FC19 /* SignUpView.swift */; };
		380A28D426A713510096FC19 /* SignUpTableViewCell.swift in Sources */ = {isa = PBXBuildFile; fileRef = 380A28D326A713510096FC19 /* SignUpTableViewCell.swift */; };
		383A1E7226A5ABD200D52627 /* AppDelegate.swift in Sources */ = {isa = PBXBuildFile; fileRef = 383A1E7126A5ABD200D52627 /* AppDelegate.swift */; };
		383A1E7426A5ABD200D52627 /* SceneDelegate.swift in Sources */ = {isa = PBXBuildFile; fileRef = 383A1E7326A5ABD200D52627 /* SceneDelegate.swift */; };
		383A1E7626A5ABD200D52627 /* WelcomeViewController.swift in Sources */ = {isa = PBXBuildFile; fileRef = 383A1E7526A5ABD200D52627 /* WelcomeViewController.swift */; };
		383A1E7926A5ABD200D52627 /* Main.storyboard in Resources */ = {isa = PBXBuildFile; fileRef = 383A1E7726A5ABD200D52627 /* Main.storyboard */; };
		383A1E7B26A5ABD300D52627 /* Assets.xcassets in Resources */ = {isa = PBXBuildFile; fileRef = 383A1E7A26A5ABD300D52627 /* Assets.xcassets */; };
		383A1E7E26A5ABD300D52627 /* LaunchScreen.storyboard in Resources */ = {isa = PBXBuildFile; fileRef = 383A1E7C26A5ABD300D52627 /* LaunchScreen.storyboard */; };
		38C59DF926A6B59200C92AC0 /* Utilities.swift in Sources */ = {isa = PBXBuildFile; fileRef = 38C59DF826A6B59200C92AC0 /* Utilities.swift */; };
		9A1672E5D200CEC4991CB657 /* Pods_MoviesApplication.framework in Frameworks */ = {isa = PBXBuildFile; fileRef = 1CBF17A071B98790031A6F6E /* Pods_MoviesApplication.framework */; };
/* End PBXBuildFile section */

/* Begin PBXFileReference section */
		1CBF17A071B98790031A6F6E /* Pods_MoviesApplication.framework */ = {isa = PBXFileReference; explicitFileType = wrapper.framework; includeInIndex = 0; path = Pods_MoviesApplication.framework; sourceTree = BUILT_PRODUCTS_DIR; };
		380A28C926A6DCE60096FC19 /* ConnectorsView.swift */ = {isa = PBXFileReference; lastKnownFileType = sourcecode.swift; path = ConnectorsView.swift; sourceTree = "<group>"; };
		380A28CD26A704E20096FC19 /* LogInView.swift */ = {isa = PBXFileReference; lastKnownFileType = sourcecode.swift; path = LogInView.swift; sourceTree = "<group>"; };
		380A28D026A704FC0096FC19 /* SignUpView.swift */ = {isa = PBXFileReference; lastKnownFileType = sourcecode.swift; path = SignUpView.swift; sourceTree = "<group>"; };
		380A28D326A713510096FC19 /* SignUpTableViewCell.swift */ = {isa = PBXFileReference; lastKnownFileType = sourcecode.swift; path = SignUpTableViewCell.swift; sourceTree = "<group>"; };
		383A1E6E26A5ABD200D52627 /* MoviesApplication.app */ = {isa = PBXFileReference; explicitFileType = wrapper.application; includeInIndex = 0; path = MoviesApplication.app; sourceTree = BUILT_PRODUCTS_DIR; };
		383A1E7126A5ABD200D52627 /* AppDelegate.swift */ = {isa = PBXFileReference; lastKnownFileType = sourcecode.swift; path = AppDelegate.swift; sourceTree = "<group>"; };
		383A1E7326A5ABD200D52627 /* SceneDelegate.swift */ = {isa = PBXFileReference; lastKnownFileType = sourcecode.swift; path = SceneDelegate.swift; sourceTree = "<group>"; };
		383A1E7526A5ABD200D52627 /* WelcomeViewController.swift */ = {isa = PBXFileReference; lastKnownFileType = sourcecode.swift; path = WelcomeViewController.swift; sourceTree = "<group>"; };
		383A1E7826A5ABD200D52627 /* Base */ = {isa = PBXFileReference; lastKnownFileType = file.storyboard; name = Base; path = Base.lproj/Main.storyboard; sourceTree = "<group>"; };
		383A1E7A26A5ABD300D52627 /* Assets.xcassets */ = {isa = PBXFileReference; lastKnownFileType = folder.assetcatalog; path = Assets.xcassets; sourceTree = "<group>"; };
		383A1E7D26A5ABD300D52627 /* Base */ = {isa = PBXFileReference; lastKnownFileType = file.storyboard; name = Base; path = Base.lproj/LaunchScreen.storyboard; sourceTree = "<group>"; };
		383A1E7F26A5ABD300D52627 /* Info.plist */ = {isa = PBXFileReference; lastKnownFileType = text.plist.xml; path = Info.plist; sourceTree = "<group>"; };
		38C59DF826A6B59200C92AC0 /* Utilities.swift */ = {isa = PBXFileReference; lastKnownFileType = sourcecode.swift; path = Utilities.swift; sourceTree = "<group>"; };
		4E17EE1AD4237A9E443DCDE4 /* Pods-MoviesApplication.release.xcconfig */ = {isa = PBXFileReference; includeInIndex = 1; lastKnownFileType = text.xcconfig; name = "Pods-MoviesApplication.release.xcconfig"; path = "Target Support Files/Pods-MoviesApplication/Pods-MoviesApplication.release.xcconfig"; sourceTree = "<group>"; };
		D15167B5F2EE2D0860C50ABD /* Pods-MoviesApplication.debug.xcconfig */ = {isa = PBXFileReference; includeInIndex = 1; lastKnownFileType = text.xcconfig; name = "Pods-MoviesApplication.debug.xcconfig"; path = "Target Support Files/Pods-MoviesApplication/Pods-MoviesApplication.debug.xcconfig"; sourceTree = "<group>"; };
/* End PBXFileReference section */

/* Begin PBXFrameworksBuildPhase section */
		383A1E6B26A5ABD200D52627 /* Frameworks */ = {
			isa = PBXFrameworksBuildPhase;
			buildActionMask = 2147483647;
			files = (
				9A1672E5D200CEC4991CB657 /* Pods_MoviesApplication.framework in Frameworks */,
			);
			runOnlyForDeploymentPostprocessing = 0;
		};
/* End PBXFrameworksBuildPhase section */

/* Begin PBXGroup section */
		383A1E6526A5ABD200D52627 = {
			isa = PBXGroup;
			children = (
				383A1E7026A5ABD200D52627 /* MoviesApplication */,
				383A1E6F26A5ABD200D52627 /* Products */,
				7CB3EE87CA0C47C4EE8387BA /* Pods */,
				E66AA5B3036FFA525E14A60B /* Frameworks */,
			);
			sourceTree = "<group>";
		};
		383A1E6F26A5ABD200D52627 /* Products */ = {
			isa = PBXGroup;
			children = (
				383A1E6E26A5ABD200D52627 /* MoviesApplication.app */,
			);
			name = Products;
			sourceTree = "<group>";
		};
		383A1E7026A5ABD200D52627 /* MoviesApplication */ = {
			isa = PBXGroup;
			children = (
				383A1E7126A5ABD200D52627 /* AppDelegate.swift */,
				383A1E7326A5ABD200D52627 /* SceneDelegate.swift */,
				383A1E7526A5ABD200D52627 /* WelcomeViewController.swift */,
				380A28C926A6DCE60096FC19 /* ConnectorsView.swift */,
				383A1E7726A5ABD200D52627 /* Main.storyboard */,
				383A1E7A26A5ABD300D52627 /* Assets.xcassets */,
				383A1E7C26A5ABD300D52627 /* LaunchScreen.storyboard */,
				383A1E7F26A5ABD300D52627 /* Info.plist */,
				38C59DF826A6B59200C92AC0 /* Utilities.swift */,
				380A28CD26A704E20096FC19 /* LogInView.swift */,
				380A28D026A704FC0096FC19 /* SignUpView.swift */,
				380A28D326A713510096FC19 /* SignUpTableViewCell.swift */,
			);
			path = MoviesApplication;
			sourceTree = "<group>";
		};
		7CB3EE87CA0C47C4EE8387BA /* Pods */ = {
			isa = PBXGroup;
			children = (
				D15167B5F2EE2D0860C50ABD /* Pods-MoviesApplication.debug.xcconfig */,
				4E17EE1AD4237A9E443DCDE4 /* Pods-MoviesApplication.release.xcconfig */,
			);
			path = Pods;
			sourceTree = "<group>";
		};
		E66AA5B3036FFA525E14A60B /* Frameworks */ = {
			isa = PBXGroup;
			children = (
				1CBF17A071B98790031A6F6E /* Pods_MoviesApplication.framework */,
			);
			name = Frameworks;
			sourceTree = "<group>";
		};
/* End PBXGroup section */

/* Begin PBXNativeTarget section */
		383A1E6D26A5ABD200D52627 /* MoviesApplication */ = {
			isa = PBXNativeTarget;
			buildConfigurationList = 383A1E8226A5ABD300D52627 /* Build configuration list for PBXNativeTarget "MoviesApplication" */;
			buildPhases = (
				9923E7061DB772913949440A /* [CP] Check Pods Manifest.lock */,
				383A1E6A26A5ABD200D52627 /* Sources */,
				383A1E6B26A5ABD200D52627 /* Frameworks */,
				383A1E6C26A5ABD200D52627 /* Resources */,
				420B41D3612AA9B74B877855 /* [CP] Embed Pods Frameworks */,
			);
			buildRules = (
			);
			dependencies = (
			);
			name = MoviesApplication;
			productName = MoviesApplication;
			productReference = 383A1E6E26A5ABD200D52627 /* MoviesApplication.app */;
			productType = "com.apple.product-type.application";
		};
/* End PBXNativeTarget section */

/* Begin PBXProject section */
		383A1E6626A5ABD200D52627 /* Project object */ = {
			isa = PBXProject;
			attributes = {
				LastSwiftUpdateCheck = 1240;
				LastUpgradeCheck = 1240;
				TargetAttributes = {
					383A1E6D26A5ABD200D52627 = {
						CreatedOnToolsVersion = 12.4;
					};
				};
			};
			buildConfigurationList = 383A1E6926A5ABD200D52627 /* Build configuration list for PBXProject "MoviesApplication" */;
			compatibilityVersion = "Xcode 9.3";
			developmentRegion = en;
			hasScannedForEncodings = 0;
			knownRegions = (
				en,
				Base,
			);
			mainGroup = 383A1E6526A5ABD200D52627;
			productRefGroup = 383A1E6F26A5ABD200D52627 /* Products */;
			projectDirPath = "";
			projectRoot = "";
			targets = (
				383A1E6D26A5ABD200D52627 /* MoviesApplication */,
			);
		};
/* End PBXProject section */

/* Begin PBXResourcesBuildPhase section */
		383A1E6C26A5ABD200D52627 /* Resources */ = {
			isa = PBXResourcesBuildPhase;
			buildActionMask = 2147483647;
			files = (
				383A1E7E26A5ABD300D52627 /* LaunchScreen.storyboard in Resources */,
				383A1E7B26A5ABD300D52627 /* Assets.xcassets in Resources */,
				383A1E7926A5ABD200D52627 /* Main.storyboard in Resources */,
			);
			runOnlyForDeploymentPostprocessing = 0;
		};
/* End PBXResourcesBuildPhase section */

/* Begin PBXShellScriptBuildPhase section */
		420B41D3612AA9B74B877855 /* [CP] Embed Pods Frameworks */ = {
			isa = PBXShellScriptBuildPhase;
			buildActionMask = 2147483647;
			files = (
			);
			inputFileListPaths = (
				"${PODS_ROOT}/Target Support Files/Pods-MoviesApplication/Pods-MoviesApplication-frameworks-${CONFIGURATION}-input-files.xcfilelist",
			);
			name = "[CP] Embed Pods Frameworks";
			outputFileListPaths = (
				"${PODS_ROOT}/Target Support Files/Pods-MoviesApplication/Pods-MoviesApplication-frameworks-${CONFIGURATION}-output-files.xcfilelist",
			);
			runOnlyForDeploymentPostprocessing = 0;
			shellPath = /bin/sh;
			shellScript = "\"${PODS_ROOT}/Target Support Files/Pods-MoviesApplication/Pods-MoviesApplication-frameworks.sh\"\n";
			showEnvVarsInLog = 0;
		};
		9923E7061DB772913949440A /* [CP] Check Pods Manifest.lock */ = {
			isa = PBXShellScriptBuildPhase;
			buildActionMask = 2147483647;
			files = (
			);
			inputFileListPaths = (
			);
			inputPaths = (
				"${PODS_PODFILE_DIR_PATH}/Podfile.lock",
				"${PODS_ROOT}/Manifest.lock",
			);
			name = "[CP] Check Pods Manifest.lock";
			outputFileListPaths = (
			);
			outputPaths = (
				"$(DERIVED_FILE_DIR)/Pods-MoviesApplication-checkManifestLockResult.txt",
			);
			runOnlyForDeploymentPostprocessing = 0;
			shellPath = /bin/sh;
			shellScript = "diff \"${PODS_PODFILE_DIR_PATH}/Podfile.lock\" \"${PODS_ROOT}/Manifest.lock\" > /dev/null\nif [ $? != 0 ] ; then\n    # print error to STDERR\n    echo \"error: The sandbox is not in sync with the Podfile.lock. Run 'pod install' or update your CocoaPods installation.\" >&2\n    exit 1\nfi\n# This output is used by Xcode 'outputs' to avoid re-running this script phase.\necho \"SUCCESS\" > \"${SCRIPT_OUTPUT_FILE_0}\"\n";
			showEnvVarsInLog = 0;
		};
/* End PBXShellScriptBuildPhase section */

/* Begin PBXSourcesBuildPhase section */
		383A1E6A26A5ABD200D52627 /* Sources */ = {
			isa = PBXSourcesBuildPhase;
			buildActionMask = 2147483647;
			files = (
				380A28CE26A704E20096FC19 /* LogInView.swift in Sources */,
				383A1E7626A5ABD200D52627 /* WelcomeViewController.swift in Sources */,
				383A1E7226A5ABD200D52627 /* AppDelegate.swift in Sources */,
				380A28D126A704FC0096FC19 /* SignUpView.swift in Sources */,
				38C59DF926A6B59200C92AC0 /* Utilities.swift in Sources */,
				380A28D426A713510096FC19 /* SignUpTableViewCell.swift in Sources */,
				383A1E7426A5ABD200D52627 /* SceneDelegate.swift in Sources */,
				380A28CA26A6DCE60096FC19 /* ConnectorsView.swift in Sources */,
			);
			runOnlyForDeploymentPostprocessing = 0;
		};
/* End PBXSourcesBuildPhase section */

/* Begin PBXVariantGroup section */
		383A1E7726A5ABD200D52627 /* Main.storyboard */ = {
			isa = PBXVariantGroup;
			children = (
				383A1E7826A5ABD200D52627 /* Base */,
			);
			name = Main.storyboard;
			sourceTree = "<group>";
		};
		383A1E7C26A5ABD300D52627 /* LaunchScreen.storyboard */ = {
			isa = PBXVariantGroup;
			children = (
				383A1E7D26A5ABD300D52627 /* Base */,
			);
			name = LaunchScreen.storyboard;
			sourceTree = "<group>";
		};
/* End PBXVariantGroup section */

/* Begin XCBuildConfiguration section */
		383A1E8026A5ABD300D52627 /* Debug */ = {
			isa = XCBuildConfiguration;
			buildSettings = {
				ALWAYS_SEARCH_USER_PATHS = NO;
				CLANG_ANALYZER_NONNULL = YES;
				CLANG_ANALYZER_NUMBER_OBJECT_CONVERSION = YES_AGGRESSIVE;
				CLANG_CXX_LANGUAGE_STANDARD = "gnu++14";
				CLANG_CXX_LIBRARY = "libc++";
				CLANG_ENABLE_MODULES = YES;
				CLANG_ENABLE_OBJC_ARC = YES;
				CLANG_ENABLE_OBJC_WEAK = YES;
				CLANG_WARN_BLOCK_CAPTURE_AUTORELEASING = YES;
				CLANG_WARN_BOOL_CONVERSION = YES;
				CLANG_WARN_COMMA = YES;
				CLANG_WARN_CONSTANT_CONVERSION = YES;
				CLANG_WARN_DEPRECATED_OBJC_IMPLEMENTATIONS = YES;
				CLANG_WARN_DIRECT_OBJC_ISA_USAGE = YES_ERROR;
				CLANG_WARN_DOCUMENTATION_COMMENTS = YES;
				CLANG_WARN_EMPTY_BODY = YES;
				CLANG_WARN_ENUM_CONVERSION = YES;
				CLANG_WARN_INFINITE_RECURSION = YES;
				CLANG_WARN_INT_CONVERSION = YES;
				CLANG_WARN_NON_LITERAL_NULL_CONVERSION = YES;
				CLANG_WARN_OBJC_IMPLICIT_RETAIN_SELF = YES;
				CLANG_WARN_OBJC_LITERAL_CONVERSION = YES;
				CLANG_WARN_OBJC_ROOT_CLASS = YES_ERROR;
				CLANG_WARN_QUOTED_INCLUDE_IN_FRAMEWORK_HEADER = YES;
				CLANG_WARN_RANGE_LOOP_ANALYSIS = YES;
				CLANG_WARN_STRICT_PROTOTYPES = YES;
				CLANG_WARN_SUSPICIOUS_MOVE = YES;
				CLANG_WARN_UNGUARDED_AVAILABILITY = YES_AGGRESSIVE;
				CLANG_WARN_UNREACHABLE_CODE = YES;
				CLANG_WARN__DUPLICATE_METHOD_MATCH = YES;
				COPY_PHASE_STRIP = NO;
				DEBUG_INFORMATION_FORMAT = dwarf;
				ENABLE_STRICT_OBJC_MSGSEND = YES;
				ENABLE_TESTABILITY = YES;
				GCC_C_LANGUAGE_STANDARD = gnu11;
				GCC_DYNAMIC_NO_PIC = NO;
				GCC_NO_COMMON_BLOCKS = YES;
				GCC_OPTIMIZATION_LEVEL = 0;
				GCC_PREPROCESSOR_DEFINITIONS = (
					"DEBUG=1",
					"$(inherited)",
				);
				GCC_WARN_64_TO_32_BIT_CONVERSION = YES;
				GCC_WARN_ABOUT_RETURN_TYPE = YES_ERROR;
				GCC_WARN_UNDECLARED_SELECTOR = YES;
				GCC_WARN_UNINITIALIZED_AUTOS = YES_AGGRESSIVE;
				GCC_WARN_UNUSED_FUNCTION = YES;
				GCC_WARN_UNUSED_VARIABLE = YES;
				IPHONEOS_DEPLOYMENT_TARGET = 14.4;
				MTL_ENABLE_DEBUG_INFO = INCLUDE_SOURCE;
				MTL_FAST_MATH = YES;
				ONLY_ACTIVE_ARCH = YES;
				SDKROOT = iphoneos;
				SWIFT_ACTIVE_COMPILATION_CONDITIONS = DEBUG;
				SWIFT_OPTIMIZATION_LEVEL = "-Onone";
			};
			name = Debug;
		};
		383A1E8126A5ABD300D52627 /* Release */ = {
			isa = XCBuildConfiguration;
			buildSettings = {
				ALWAYS_SEARCH_USER_PATHS = NO;
				CLANG_ANALYZER_NONNULL = YES;
				CLANG_ANALYZER_NUMBER_OBJECT_CONVERSION = YES_AGGRESSIVE;
				CLANG_CXX_LANGUAGE_STANDARD = "gnu++14";
				CLANG_CXX_LIBRARY = "libc++";
				CLANG_ENABLE_MODULES = YES;
				CLANG_ENABLE_OBJC_ARC = YES;
				CLANG_ENABLE_OBJC_WEAK = YES;
				CLANG_WARN_BLOCK_CAPTURE_AUTORELEASING = YES;
				CLANG_WARN_BOOL_CONVERSION = YES;
				CLANG_WARN_COMMA = YES;
				CLANG_WARN_CONSTANT_CONVERSION = YES;
				CLANG_WARN_DEPRECATED_OBJC_IMPLEMENTATIONS = YES;
				CLANG_WARN_DIRECT_OBJC_ISA_USAGE = YES_ERROR;
				CLANG_WARN_DOCUMENTATION_COMMENTS = YES;
				CLANG_WARN_EMPTY_BODY = YES;
				CLANG_WARN_ENUM_CONVERSION = YES;
				CLANG_WARN_INFINITE_RECURSION = YES;
				CLANG_WARN_INT_CONVERSION = YES;
				CLANG_WARN_NON_LITERAL_NULL_CONVERSION = YES;
				CLANG_WARN_OBJC_IMPLICIT_RETAIN_SELF = YES;
				CLANG_WARN_OBJC_LITERAL_CONVERSION = YES;
				CLANG_WARN_OBJC_ROOT_CLASS = YES_ERROR;
				CLANG_WARN_QUOTED_INCLUDE_IN_FRAMEWORK_HEADER = YES;
				CLANG_WARN_RANGE_LOOP_ANALYSIS = YES;
				CLANG_WARN_STRICT_PROTOTYPES = YES;
				CLANG_WARN_SUSPICIOUS_MOVE = YES;
				CLANG_WARN_UNGUARDED_AVAILABILITY = YES_AGGRESSIVE;
				CLANG_WARN_UNREACHABLE_CODE = YES;
				CLANG_WARN__DUPLICATE_METHOD_MATCH = YES;
				COPY_PHASE_STRIP = NO;
				DEBUG_INFORMATION_FORMAT = "dwarf-with-dsym";
				ENABLE_NS_ASSERTIONS = NO;
				ENABLE_STRICT_OBJC_MSGSEND = YES;
				GCC_C_LANGUAGE_STANDARD = gnu11;
				GCC_NO_COMMON_BLOCKS = YES;
				GCC_WARN_64_TO_32_BIT_CONVERSION = YES;
				GCC_WARN_ABOUT_RETURN_TYPE = YES_ERROR;
				GCC_WARN_UNDECLARED_SELECTOR = YES;
				GCC_WARN_UNINITIALIZED_AUTOS = YES_AGGRESSIVE;
				GCC_WARN_UNUSED_FUNCTION = YES;
				GCC_WARN_UNUSED_VARIABLE = YES;
				IPHONEOS_DEPLOYMENT_TARGET = 14.4;
				MTL_ENABLE_DEBUG_INFO = NO;
				MTL_FAST_MATH = YES;
				SDKROOT = iphoneos;
				SWIFT_COMPILATION_MODE = wholemodule;
				SWIFT_OPTIMIZATION_LEVEL = "-O";
				VALIDATE_PRODUCT = YES;
			};
			name = Release;
		};
		383A1E8326A5ABD300D52627 /* Debug */ = {
			isa = XCBuildConfiguration;
			baseConfigurationReference = D15167B5F2EE2D0860C50ABD /* Pods-MoviesApplication.debug.xcconfig */;
			buildSettings = {
				ASSETCATALOG_COMPILER_APPICON_NAME = AppIcon;
				ASSETCATALOG_COMPILER_GLOBAL_ACCENT_COLOR_NAME = AccentColor;
				CODE_SIGN_STYLE = Automatic;
				INFOPLIST_FILE = MoviesApplication/Info.plist;
				LD_RUNPATH_SEARCH_PATHS = (
					"$(inherited)",
					"@executable_path/Frameworks",
				);
				PRODUCT_BUNDLE_IDENTIFIER = com.JovanaLoleska.MoviesApplication;
				PRODUCT_NAME = "$(TARGET_NAME)";
				SWIFT_VERSION = 5.0;
				TARGETED_DEVICE_FAMILY = "1,2";
			};
			name = Debug;
		};
		383A1E8426A5ABD300D52627 /* Release */ = {
			isa = XCBuildConfiguration;
			baseConfigurationReference = 4E17EE1AD4237A9E443DCDE4 /* Pods-MoviesApplication.release.xcconfig */;
			buildSettings = {
				ASSETCATALOG_COMPILER_APPICON_NAME = AppIcon;
				ASSETCATALOG_COMPILER_GLOBAL_ACCENT_COLOR_NAME = AccentColor;
				CODE_SIGN_STYLE = Automatic;
				INFOPLIST_FILE = MoviesApplication/Info.plist;
				LD_RUNPATH_SEARCH_PATHS = (
					"$(inherited)",
					"@executable_path/Frameworks",
				);
				PRODUCT_BUNDLE_IDENTIFIER = com.JovanaLoleska.MoviesApplication;
				PRODUCT_NAME = "$(TARGET_NAME)";
				SWIFT_VERSION = 5.0;
				TARGETED_DEVICE_FAMILY = "1,2";
			};
			name = Release;
		};
/* End XCBuildConfiguration section */

/* Begin XCConfigurationList section */
		383A1E6926A5ABD200D52627 /* Build configuration list for PBXProject "MoviesApplication" */ = {
			isa = XCConfigurationList;
			buildConfigurations = (
				383A1E8026A5ABD300D52627 /* Debug */,
				383A1E8126A5ABD300D52627 /* Release */,
			);
			defaultConfigurationIsVisible = 0;
			defaultConfigurationName = Release;
		};
		383A1E8226A5ABD300D52627 /* Build configuration list for PBXNativeTarget "MoviesApplication" */ = {
			isa = XCConfigurationList;
			buildConfigurations = (
				383A1E8326A5ABD300D52627 /* Debug */,
				383A1E8426A5ABD300D52627 /* Release */,
			);
			defaultConfigurationIsVisible = 0;
			defaultConfigurationName = Release;
		};
/* End XCConfigurationList section */
	};
	rootObject = 383A1E6626A5ABD200D52627 /* Project object */;
}
